
Microsoft Visual Studio Solution File, Format Version 12.00
# Visual Studio Version 16
VisualStudioVersion = 16.0.29503.13
MinimumVisualStudioVersion = 10.0.40219.1
Project("{FAE04EC0-301F-11D3-BF4B-00C04F79EFBC}") = "CommandLine", "CommandLine\CommandLine.csproj", "{A2001AA2-BD9A-44F8-912F-BDB8AAE33648}"
EndProject
Global
	GlobalSection(SolutionConfigurationPlatforms) = preSolution
		Debug|Any CPU = Debug|Any CPU
		Release|Any CPU = Release|Any CPU
	EndGlobalSection
	GlobalSection(ProjectConfigurationPlatforms) = postSolution
		{A2001AA2-BD9A-44F8-912F-BDB8AAE33648}.Debug|Any CPU.ActiveCfg = Debug|Any CPU
		{A2001AA2-BD9A-44F8-912F-BDB8AAE33648}.Debug|Any CPU.Build.0 = Debug|Any CPU
		{A2001AA2-BD9A-44F8-912F-BDB8AAE33648}.Release|Any CPU.ActiveCfg = Release|Any CPU
		{A2001AA2-BD9A-44F8-912F-BDB8AAE33648}.Release|Any CPU.Build.0 = Release|Any CPU
	EndGlobalSection
	GlobalSection(SolutionProperties) = preSolution
		HideSolutionNode = FALSE
	EndGlobalSection
	GlobalSection(ExtensibilityGlobals) = postSolution
		SolutionGuid = {D95F33E9-CD03-4404-AEF4-0C77B87FFB10}
	EndGlobalSection
EndGlobal
